# This file is automatically @generated by Cargo.
# It is not intended for manual editing.
[[package]]
name = "aho-corasick"
version = "1.1.3"
source = "registry+https://github.com/rust-lang/crates.io-index"
dependencies = [
 "memchr 2.7.4 (registry+https://github.com/rust-lang/crates.io-index)",
]

[[package]]
name = "anes"
version = "0.1.6"
source = "registry+https://github.com/rust-lang/crates.io-index"

[[package]]
name = "atomic-waker"
version = "1.1.2"
dependencies = [
 "criterion 0.4.0 (registry+https://github.com/rust-lang/crates.io-index)",
 "futures 0.3.31 (registry+https://github.com/rust-lang/crates.io-index)",
 "portable-atomic 1.11.0 (registry+https://github.com/rust-lang/crates.io-index)",
 "rayon 1.10.0 (registry+https://github.com/rust-lang/crates.io-index)",
]

[[package]]
name = "atty"
version = "0.2.14"
source = "registry+https://github.com/rust-lang/crates.io-index"
dependencies = [
 "hermit-abi 0.1.19 (registry+https://github.com/rust-lang/crates.io-index)",
 "libc 0.2.171 (registry+https://github.com/rust-lang/crates.io-index)",
 "winapi 0.3.9 (registry+https://github.com/rust-lang/crates.io-index)",
]

[[package]]
name = "autocfg"
version = "1.4.0"
source = "registry+https://github.com/rust-lang/crates.io-index"

[[package]]
name = "bitflags"
version = "1.3.2"
source = "registry+https://github.com/rust-lang/crates.io-index"

[[package]]
name = "cast"
version = "0.3.0"
source = "registry+https://github.com/rust-lang/crates.io-index"

[[package]]
name = "cfg-if"
version = "1.0.0"
source = "registry+https://github.com/rust-lang/crates.io-index"

[[package]]
name = "ciborium"
version = "0.2.2"
source = "registry+https://github.com/rust-lang/crates.io-index"
dependencies = [
 "ciborium-io 0.2.2 (registry+https://github.com/rust-lang/crates.io-index)",
 "ciborium-ll 0.2.2 (registry+https://github.com/rust-lang/crates.io-index)",
 "serde 1.0.219 (registry+https://github.com/rust-lang/crates.io-index)",
]

[[package]]
name = "ciborium-io"
version = "0.2.2"
source = "registry+https://github.com/rust-lang/crates.io-index"

[[package]]
name = "ciborium-ll"
version = "0.2.2"
source = "registry+https://github.com/rust-lang/crates.io-index"
dependencies = [
 "ciborium-io 0.2.2 (registry+https://github.com/rust-lang/crates.io-index)",
 "half 2.5.0 (registry+https://github.com/rust-lang/crates.io-index)",
]

[[package]]
name = "clap"
version = "3.2.25"
source = "registry+https://github.com/rust-lang/crates.io-index"
dependencies = [
 "bitflags 1.3.2 (registry+https://github.com/rust-lang/crates.io-index)",
 "clap_lex 0.2.4 (registry+https://github.com/rust-lang/crates.io-index)",
 "indexmap 1.9.3 (registry+https://github.com/rust-lang/crates.io-index)",
 "textwrap 0.16.2 (registry+https://github.com/rust-lang/crates.io-index)",
]

[[package]]
name = "clap_lex"
version = "0.2.4"
source = "registry+https://github.com/rust-lang/crates.io-index"
dependencies = [
 "os_str_bytes 6.6.1 (registry+https://github.com/rust-lang/crates.io-index)",
]

[[package]]
name = "criterion"
version = "0.4.0"
source = "registry+https://github.com/rust-lang/crates.io-index"
dependencies = [
 "anes 0.1.6 (registry+https://github.com/rust-lang/crates.io-index)",
 "atty 0.2.14 (registry+https://github.com/rust-lang/crates.io-index)",
 "cast 0.3.0 (registry+https://github.com/rust-lang/crates.io-index)",
 "ciborium 0.2.2 (registry+https://github.com/rust-lang/crates.io-index)",
 "clap 3.2.25 (registry+https://github.com/rust-lang/crates.io-index)",
 "criterion-plot 0.5.0 (registry+https://github.com/rust-lang/crates.io-index)",
 "itertools 0.10.5 (registry+https://github.com/rust-lang/crates.io-index)",
 "lazy_static 1.5.0 (registry+https://github.com/rust-lang/crates.io-index)",
 "num-traits 0.2.19 (registry+https://github.com/rust-lang/crates.io-index)",
 "oorandom 11.1.5 (registry+https://github.com/rust-lang/crates.io-index)",
 "regex 1.11.1 (registry+https://github.com/rust-lang/crates.io-index)",
 "serde 1.0.219 (registry+https://github.com/rust-lang/crates.io-index)",
 "serde_derive 1.0.219 (registry+https://github.com/rust-lang/crates.io-index)",
 "serde_json 1.0.140 (registry+https://github.com/rust-lang/crates.io-index)",
 "tinytemplate 1.2.1 (registry+https://github.com/rust-lang/crates.io-index)",
 "walkdir 2.5.0 (registry+https://github.com/rust-lang/crates.io-index)",
]

[[package]]
name = "criterion-plot"
version = "0.5.0"
source = "registry+https://github.com/rust-lang/crates.io-index"
dependencies = [
 "cast 0.3.0 (registry+https://github.com/rust-lang/crates.io-index)",
 "itertools 0.10.5 (registry+https://github.com/rust-lang/crates.io-index)",
]

[[package]]
name = "crossbeam-deque"
version = "0.8.6"
source = "registry+https://github.com/rust-lang/crates.io-index"
dependencies = [
 "crossbeam-epoch 0.9.18 (registry+https://github.com/rust-lang/crates.io-index)",
 "crossbeam-utils 0.8.21 (registry+https://github.com/rust-lang/crates.io-index)",
]

[[package]]
name = "crossbeam-epoch"
version = "0.9.18"
source = "registry+https://github.com/rust-lang/crates.io-index"
dependencies = [
 "crossbeam-utils 0.8.21 (registry+https://github.com/rust-lang/crates.io-index)",
]

[[package]]
name = "crossbeam-utils"
version = "0.8.21"
source = "registry+https://github.com/rust-lang/crates.io-index"

[[package]]
name = "crunchy"
version = "0.2.3"
source = "registry+https://github.com/rust-lang/crates.io-index"

[[package]]
name = "either"
version = "1.15.0"
source = "registry+https://github.com/rust-lang/crates.io-index"

[[package]]
name = "futures"
version = "0.3.31"
source = "registry+https://github.com/rust-lang/crates.io-index"
dependencies = [
 "futures-channel 0.3.31 (registry+https://github.com/rust-lang/crates.io-index)",
 "futures-core 0.3.31 (registry+https://github.com/rust-lang/crates.io-index)",
 "futures-executor 0.3.31 (registry+https://github.com/rust-lang/crates.io-index)",
 "futures-io 0.3.31 (registry+https://github.com/rust-lang/crates.io-index)",
 "futures-sink 0.3.31 (registry+https://github.com/rust-lang/crates.io-index)",
 "futures-task 0.3.31 (registry+https://github.com/rust-lang/crates.io-index)",
 "futures-util 0.3.31 (registry+https://github.com/rust-lang/crates.io-index)",
]

[[package]]
name = "futures-channel"
version = "0.3.31"
source = "registry+https://github.com/rust-lang/crates.io-index"
dependencies = [
 "futures-core 0.3.31 (registry+https://github.com/rust-lang/crates.io-index)",
 "futures-sink 0.3.31 (registry+https://github.com/rust-lang/crates.io-index)",
]

[[package]]
name = "futures-core"
version = "0.3.31"
source = "registry+https://github.com/rust-lang/crates.io-index"

[[package]]
name = "futures-executor"
version = "0.3.31"
source = "registry+https://github.com/rust-lang/crates.io-index"
dependencies = [
 "futures-core 0.3.31 (registry+https://github.com/rust-lang/crates.io-index)",
 "futures-task 0.3.31 (registry+https://github.com/rust-lang/crates.io-index)",
 "futures-util 0.3.31 (registry+https://github.com/rust-lang/crates.io-index)",
]

[[package]]
name = "futures-io"
version = "0.3.31"
source = "registry+https://github.com/rust-lang/crates.io-index"

[[package]]
name = "futures-macro"
version = "0.3.31"
source = "registry+https://github.com/rust-lang/crates.io-index"
dependencies = [
 "proc-macro2 1.0.94 (registry+https://github.com/rust-lang/crates.io-index)",
 "quote 1.0.40 (registry+https://github.com/rust-lang/crates.io-index)",
 "syn 2.0.100 (registry+https://github.com/rust-lang/crates.io-index)",
]

[[package]]
name = "futures-sink"
version = "0.3.31"
source = "registry+https://github.com/rust-lang/crates.io-index"

[[package]]
name = "futures-task"
version = "0.3.31"
source = "registry+https://github.com/rust-lang/crates.io-index"

[[package]]
name = "futures-util"
version = "0.3.31"
source = "registry+https://github.com/rust-lang/crates.io-index"
dependencies = [
 "futures-channel 0.3.31 (registry+https://github.com/rust-lang/crates.io-index)",
 "futures-core 0.3.31 (registry+https://github.com/rust-lang/crates.io-index)",
 "futures-io 0.3.31 (registry+https://github.com/rust-lang/crates.io-index)",
 "futures-macro 0.3.31 (registry+https://github.com/rust-lang/crates.io-index)",
 "futures-sink 0.3.31 (registry+https://github.com/rust-lang/crates.io-index)",
 "futures-task 0.3.31 (registry+https://github.com/rust-lang/crates.io-index)",
 "memchr 2.7.4 (registry+https://github.com/rust-lang/crates.io-index)",
 "pin-project-lite 0.2.16 (registry+https://github.com/rust-lang/crates.io-index)",
 "pin-utils 0.1.0 (registry+https://github.com/rust-lang/crates.io-index)",
 "slab 0.4.9 (registry+https://github.com/rust-lang/crates.io-index)",
]

[[package]]
name = "half"
version = "2.5.0"
source = "registry+https://github.com/rust-lang/crates.io-index"
dependencies = [
 "cfg-if 1.0.0 (registry+https://github.com/rust-lang/crates.io-index)",
 "crunchy 0.2.3 (registry+https://github.com/rust-lang/crates.io-index)",
]

[[package]]
name = "hashbrown"
version = "0.12.3"
source = "registry+https://github.com/rust-lang/crates.io-index"

[[package]]
name = "hermit-abi"
version = "0.1.19"
source = "registry+https://github.com/rust-lang/crates.io-index"
dependencies = [
 "libc 0.2.171 (registry+https://github.com/rust-lang/crates.io-index)",
]

[[package]]
name = "indexmap"
version = "1.9.3"
source = "registry+https://github.com/rust-lang/crates.io-index"
dependencies = [
 "autocfg 1.4.0 (registry+https://github.com/rust-lang/crates.io-index)",
 "hashbrown 0.12.3 (registry+https://github.com/rust-lang/crates.io-index)",
]

[[package]]
name = "itertools"
version = "0.10.5"
source = "registry+https://github.com/rust-lang/crates.io-index"
dependencies = [
 "either 1.15.0 (registry+https://github.com/rust-lang/crates.io-index)",
]

[[package]]
name = "itoa"
version = "1.0.15"
source = "registry+https://github.com/rust-lang/crates.io-index"

[[package]]
name = "lazy_static"
version = "1.5.0"
source = "registry+https://github.com/rust-lang/crates.io-index"

[[package]]
name = "libc"
version = "0.2.171"
source = "registry+https://github.com/rust-lang/crates.io-index"

[[package]]
name = "memchr"
version = "2.7.4"
source = "registry+https://github.com/rust-lang/crates.io-index"

[[package]]
name = "num-traits"
version = "0.2.19"
source = "registry+https://github.com/rust-lang/crates.io-index"
dependencies = [
 "autocfg 1.4.0 (registry+https://github.com/rust-lang/crates.io-index)",
]

[[package]]
name = "oorandom"
version = "11.1.5"
source = "registry+https://github.com/rust-lang/crates.io-index"

[[package]]
name = "os_str_bytes"
version = "6.6.1"
source = "registry+https://github.com/rust-lang/crates.io-index"

[[package]]
name = "pin-project-lite"
version = "0.2.16"
source = "registry+https://github.com/rust-lang/crates.io-index"

[[package]]
name = "pin-utils"
version = "0.1.0"
source = "registry+https://github.com/rust-lang/crates.io-index"

[[package]]
name = "portable-atomic"
version = "1.11.0"
source = "registry+https://github.com/rust-lang/crates.io-index"

[[package]]
name = "proc-macro2"
version = "1.0.94"
source = "registry+https://github.com/rust-lang/crates.io-index"
dependencies = [
 "unicode-ident 1.0.18 (registry+https://github.com/rust-lang/crates.io-index)",
]

[[package]]
name = "quote"
version = "1.0.40"
source = "registry+https://github.com/rust-lang/crates.io-index"
dependencies = [
 "proc-macro2 1.0.94 (registry+https://github.com/rust-lang/crates.io-index)",
]

[[package]]
name = "rayon"
version = "1.10.0"
source = "registry+https://github.com/rust-lang/crates.io-index"
dependencies = [
 "either 1.15.0 (registry+https://github.com/rust-lang/crates.io-index)",
 "rayon-core 1.12.1 (registry+https://github.com/rust-lang/crates.io-index)",
]

[[package]]
name = "rayon-core"
version = "1.12.1"
source = "registry+https://github.com/rust-lang/crates.io-index"
dependencies = [
 "crossbeam-deque 0.8.6 (registry+https://github.com/rust-lang/crates.io-index)",
 "crossbeam-utils 0.8.21 (registry+https://github.com/rust-lang/crates.io-index)",
]

[[package]]
name = "regex"
version = "1.11.1"
source = "registry+https://github.com/rust-lang/crates.io-index"
dependencies = [
 "aho-corasick 1.1.3 (registry+https://github.com/rust-lang/crates.io-index)",
 "memchr 2.7.4 (registry+https://github.com/rust-lang/crates.io-index)",
 "regex-automata 0.4.9 (registry+https://github.com/rust-lang/crates.io-index)",
 "regex-syntax 0.8.5 (registry+https://github.com/rust-lang/crates.io-index)",
]

[[package]]
name = "regex-automata"
version = "0.4.9"
source = "registry+https://github.com/rust-lang/crates.io-index"
dependencies = [
 "aho-corasick 1.1.3 (registry+https://github.com/rust-lang/crates.io-index)",
 "memchr 2.7.4 (registry+https://github.com/rust-lang/crates.io-index)",
 "regex-syntax 0.8.5 (registry+https://github.com/rust-lang/crates.io-index)",
]

[[package]]
name = "regex-syntax"
version = "0.8.5"
source = "registry+https://github.com/rust-lang/crates.io-index"

[[package]]
name = "ryu"
version = "1.0.20"
source = "registry+https://github.com/rust-lang/crates.io-index"

[[package]]
name = "same-file"
version = "1.0.6"
source = "registry+https://github.com/rust-lang/crates.io-index"
dependencies = [
 "winapi-util 0.1.9 (registry+https://github.com/rust-lang/crates.io-index)",
]

[[package]]
name = "serde"
version = "1.0.219"
source = "registry+https://github.com/rust-lang/crates.io-index"
dependencies = [
 "serde_derive 1.0.219 (registry+https://github.com/rust-lang/crates.io-index)",
]

[[package]]
name = "serde_derive"
version = "1.0.219"
source = "registry+https://github.com/rust-lang/crates.io-index"
dependencies = [
 "proc-macro2 1.0.94 (registry+https://github.com/rust-lang/crates.io-index)",
 "quote 1.0.40 (registry+https://github.com/rust-lang/crates.io-index)",
 "syn 2.0.100 (registry+https://github.com/rust-lang/crates.io-index)",
]

[[package]]
name = "serde_json"
version = "1.0.140"
source = "registry+https://github.com/rust-lang/crates.io-index"
dependencies = [
 "itoa 1.0.15 (registry+https://github.com/rust-lang/crates.io-index)",
 "memchr 2.7.4 (registry+https://github.com/rust-lang/crates.io-index)",
 "ryu 1.0.20 (registry+https://github.com/rust-lang/crates.io-index)",
 "serde 1.0.219 (registry+https://github.com/rust-lang/crates.io-index)",
]

[[package]]
name = "slab"
version = "0.4.9"
source = "registry+https://github.com/rust-lang/crates.io-index"
dependencies = [
 "autocfg 1.4.0 (registry+https://github.com/rust-lang/crates.io-index)",
]

[[package]]
name = "syn"
version = "2.0.100"
source = "registry+https://github.com/rust-lang/crates.io-index"
dependencies = [
 "proc-macro2 1.0.94 (registry+https://github.com/rust-lang/crates.io-index)",
 "quote 1.0.40 (registry+https://github.com/rust-lang/crates.io-index)",
 "unicode-ident 1.0.18 (registry+https://github.com/rust-lang/crates.io-index)",
]

[[package]]
name = "textwrap"
version = "0.16.2"
source = "registry+https://github.com/rust-lang/crates.io-index"

[[package]]
name = "tinytemplate"
version = "1.2.1"
source = "registry+https://github.com/rust-lang/crates.io-index"
dependencies = [
 "serde 1.0.219 (registry+https://github.com/rust-lang/crates.io-index)",
 "serde_json 1.0.140 (registry+https://github.com/rust-lang/crates.io-index)",
]

[[package]]
name = "unicode-ident"
version = "1.0.18"
source = "registry+https://github.com/rust-lang/crates.io-index"

[[package]]
name = "walkdir"
version = "2.5.0"
source = "registry+https://github.com/rust-lang/crates.io-index"
dependencies = [
 "same-file 1.0.6 (registry+https://github.com/rust-lang/crates.io-index)",
 "winapi-util 0.1.9 (registry+https://github.com/rust-lang/crates.io-index)",
]

[[package]]
name = "winapi"
version = "0.3.9"
source = "registry+https://github.com/rust-lang/crates.io-index"
dependencies = [
 "winapi-i686-pc-windows-gnu 0.4.0 (registry+https://github.com/rust-lang/crates.io-index)",
 "winapi-x86_64-pc-windows-gnu 0.4.0 (registry+https://github.com/rust-lang/crates.io-index)",
]

[[package]]
name = "winapi-i686-pc-windows-gnu"
version = "0.4.0"
source = "registry+https://github.com/rust-lang/crates.io-index"

[[package]]
name = "winapi-util"
version = "0.1.9"
source = "registry+https://github.com/rust-lang/crates.io-index"
dependencies = [
 "windows-sys 0.59.0 (registry+https://github.com/rust-lang/crates.io-index)",
]

[[package]]
name = "winapi-x86_64-pc-windows-gnu"
version = "0.4.0"
source = "registry+https://github.com/rust-lang/crates.io-index"

[[package]]
name = "windows-sys"
version = "0.59.0"
source = "registry+https://github.com/rust-lang/crates.io-index"
dependencies = [
 "windows-targets 0.52.6 (registry+https://github.com/rust-lang/crates.io-index)",
]

[[package]]
name = "windows-targets"
version = "0.52.6"
source = "registry+https://github.com/rust-lang/crates.io-index"
dependencies = [
 "windows_aarch64_gnullvm 0.52.6 (registry+https://github.com/rust-lang/crates.io-index)",
 "windows_aarch64_msvc 0.52.6 (registry+https://github.com/rust-lang/crates.io-index)",
 "windows_i686_gnu 0.52.6 (registry+https://github.com/rust-lang/crates.io-index)",
 "windows_i686_gnullvm 0.52.6 (registry+https://github.com/rust-lang/crates.io-index)",
 "windows_i686_msvc 0.52.6 (registry+https://github.com/rust-lang/crates.io-index)",
 "windows_x86_64_gnu 0.52.6 (registry+https://github.com/rust-lang/crates.io-index)",
 "windows_x86_64_gnullvm 0.52.6 (registry+https://github.com/rust-lang/crates.io-index)",
 "windows_x86_64_msvc 0.52.6 (registry+https://github.com/rust-lang/crates.io-index)",
]

[[package]]
name = "windows_aarch64_gnullvm"
version = "0.52.6"
source = "registry+https://github.com/rust-lang/crates.io-index"

[[package]]
name = "windows_aarch64_msvc"
version = "0.52.6"
source = "registry+https://github.com/rust-lang/crates.io-index"

[[package]]
name = "windows_i686_gnu"
version = "0.52.6"
source = "registry+https://github.com/rust-lang/crates.io-index"

[[package]]
name = "windows_i686_gnullvm"
version = "0.52.6"
source = "registry+https://github.com/rust-lang/crates.io-index"

[[package]]
name = "windows_i686_msvc"
version = "0.52.6"
source = "registry+https://github.com/rust-lang/crates.io-index"

[[package]]
name = "windows_x86_64_gnu"
version = "0.52.6"
source = "registry+https://github.com/rust-lang/crates.io-index"

[[package]]
name = "windows_x86_64_gnullvm"
version = "0.52.6"
source = "registry+https://github.com/rust-lang/crates.io-index"

[[package]]
name = "windows_x86_64_msvc"
version = "0.52.6"
source = "registry+https://github.com/rust-lang/crates.io-index"

[metadata]
"checksum aho-corasick 1.1.3 (registry+https://github.com/rust-lang/crates.io-index)" = "8e60d3430d3a69478ad0993f19238d2df97c507009a52b3c10addcd7f6bcb916"
"checksum anes 0.1.6 (registry+https://github.com/rust-lang/crates.io-index)" = "4b46cbb362ab8752921c97e041f5e366ee6297bd428a31275b9fcf1e380f7299"
"checksum atty 0.2.14 (registry+https://github.com/rust-lang/crates.io-index)" = "d9b39be18770d11421cdb1b9947a45dd3f37e93092cbf377614828a319d5fee8"
"checksum autocfg 1.4.0 (registry+https://github.com/rust-lang/crates.io-index)" = "ace50bade8e6234aa140d9a2f552bbee1db4d353f69b8217bc503490fc1a9f26"
"checksum bitflags 1.3.2 (registry+https://github.com/rust-lang/crates.io-index)" = "bef38d45163c2f1dde094a7dfd33ccf595c92905c8f8f4fdc18d06fb1037718a"
"checksum cast 0.3.0 (registry+https://github.com/rust-lang/crates.io-index)" = "37b2a672a2cb129a2e41c10b1224bb368f9f37a2b16b612598138befd7b37eb5"
"checksum cfg-if 1.0.0 (registry+https://github.com/rust-lang/crates.io-index)" = "baf1de4339761588bc0619e3cbc0120ee582ebb74b53b4efbf79117bd2da40fd"
"checksum ciborium 0.2.2 (registry+https://github.com/rust-lang/crates.io-index)" = "42e69ffd6f0917f5c029256a24d0161db17cea3997d185db0d35926308770f0e"
"checksum ciborium-io 0.2.2 (registry+https://github.com/rust-lang/crates.io-index)" = "05afea1e0a06c9be33d539b876f1ce3692f4afea2cb41f740e7743225ed1c757"
"checksum ciborium-ll 0.2.2 (registry+https://github.com/rust-lang/crates.io-index)" = "57663b653d948a338bfb3eeba9bb2fd5fcfaecb9e199e87e1eda4d9e8b240fd9"
"checksum clap 3.2.25 (registry+https://github.com/rust-lang/crates.io-index)" = "4ea181bf566f71cb9a5d17a59e1871af638180a18fb0035c92ae62b705207123"
"checksum clap_lex 0.2.4 (registry+https://github.com/rust-lang/crates.io-index)" = "2850f2f5a82cbf437dd5af4d49848fbdfc27c157c3d010345776f952765261c5"
"checksum criterion 0.4.0 (registry+https://github.com/rust-lang/crates.io-index)" = "e7c76e09c1aae2bc52b3d2f29e13c6572553b30c4aa1b8a49fd70de6412654cb"
"checksum criterion-plot 0.5.0 (registry+https://github.com/rust-lang/crates.io-index)" = "6b50826342786a51a89e2da3a28f1c32b06e387201bc2d19791f622c673706b1"
"checksum crossbeam-deque 0.8.6 (registry+https://github.com/rust-lang/crates.io-index)" = "9dd111b7b7f7d55b72c0a6ae361660ee5853c9af73f70c3c2ef6858b950e2e51"
"checksum crossbeam-epoch 0.9.18 (registry+https://github.com/rust-lang/crates.io-index)" = "5b82ac4a3c2ca9c3460964f020e1402edd5753411d7737aa39c3714ad1b5420e"
"checksum crossbeam-utils 0.8.21 (registry+https://github.com/rust-lang/crates.io-index)" = "d0a5c400df2834b80a4c3327b3aad3a4c4cd4de0629063962b03235697506a28"
"checksum crunchy 0.2.3 (registry+https://github.com/rust-lang/crates.io-index)" = "43da5946c66ffcc7745f48db692ffbb10a83bfe0afd96235c5c2a4fb23994929"
"checksum either 1.15.0 (registry+https://github.com/rust-lang/crates.io-index)" = "48c757948c5ede0e46177b7add2e67155f70e33c07fea8284df6576da70b3719"
"checksum futures 0.3.31 (registry+https://github.com/rust-lang/crates.io-index)" = "65bc07b1a8bc7c85c5f2e110c476c7389b4554ba72af57d8445ea63a576b0876"
"checksum futures-channel 0.3.31 (registry+https://github.com/rust-lang/crates.io-index)" = "2dff15bf788c671c1934e366d07e30c1814a8ef514e1af724a602e8a2fbe1b10"
"checksum futures-core 0.3.31 (registry+https://github.com/rust-lang/crates.io-index)" = "05f29059c0c2090612e8d742178b0580d2dc940c837851ad723096f87af6663e"
"checksum futures-executor 0.3.31 (registry+https://github.com/rust-lang/crates.io-index)" = "1e28d1d997f585e54aebc3f97d39e72338912123a67330d723fdbb564d646c9f"
"checksum futures-io 0.3.31 (registry+https://github.com/rust-lang/crates.io-index)" = "9e5c1b78ca4aae1ac06c48a526a655760685149f0d465d21f37abfe57ce075c6"
"checksum futures-macro 0.3.31 (registry+https://github.com/rust-lang/crates.io-index)" = "162ee34ebcb7c64a8abebc059ce0fee27c2262618d7b60ed8faf72fef13c3650"
"checksum futures-sink 0.3.31 (registry+https://github.com/rust-lang/crates.io-index)" = "e575fab7d1e0dcb8d0c7bcf9a63ee213816ab51902e6d244a95819acacf1d4f7"
"checksum futures-task 0.3.31 (registry+https://github.com/rust-lang/crates.io-index)" = "f90f7dce0722e95104fcb095585910c0977252f286e354b5e3bd38902cd99988"
"checksum futures-util 0.3.31 (registry+https://github.com/rust-lang/crates.io-index)" = "9fa08315bb612088cc391249efdc3bc77536f16c91f6cf495e6fbe85b20a4a81"
"checksum half 2.5.0 (registry+https://github.com/rust-lang/crates.io-index)" = "7db2ff139bba50379da6aa0766b52fdcb62cb5b263009b09ed58ba604e14bbd1"
"checksum hashbrown 0.12.3 (registry+https://github.com/rust-lang/crates.io-index)" = "8a9ee70c43aaf417c914396645a0fa852624801b24ebb7ae78fe8272889ac888"
"checksum hermit-abi 0.1.19 (registry+https://github.com/rust-lang/crates.io-index)" = "62b467343b94ba476dcb2500d242dadbb39557df889310ac77c5d99100aaac33"
"checksum indexmap 1.9.3 (registry+https://github.com/rust-lang/crates.io-index)" = "bd070e393353796e801d209ad339e89596eb4c8d430d18ede6a1cced8fafbd99"
"checksum itertools 0.10.5 (registry+https://github.com/rust-lang/crates.io-index)" = "b0fd2260e829bddf4cb6ea802289de2f86d6a7a690192fbe91b3f46e0f2c8473"
"checksum itoa 1.0.15 (registry+https://github.com/rust-lang/crates.io-index)" = "4a5f13b858c8d314ee3e8f639011f7ccefe71f97f96e50151fb991f267928e2c"
"checksum lazy_static 1.5.0 (registry+https://github.com/rust-lang/crates.io-index)" = "bbd2bcb4c963f2ddae06a2efc7e9f3591312473c50c6685e1f298068316e66fe"
"checksum libc 0.2.171 (registry+https://github.com/rust-lang/crates.io-index)" = "c19937216e9d3aa9956d9bb8dfc0b0c8beb6058fc4f7a4dc4d850edf86a237d6"
"checksum memchr 2.7.4 (registry+https://github.com/rust-lang/crates.io-index)" = "78ca9ab1a0babb1e7d5695e3530886289c18cf2f87ec19a575a0abdce112e3a3"
"checksum num-traits 0.2.19 (registry+https://github.com/rust-lang/crates.io-index)" = "071dfc062690e90b734c0b2273ce72ad0ffa95f0c74596bc250dcfd960262841"
"checksum oorandom 11.1.5 (registry+https://github.com/rust-lang/crates.io-index)" = "d6790f58c7ff633d8771f42965289203411a5e5c68388703c06e14f24770b41e"
"checksum os_str_bytes 6.6.1 (registry+https://github.com/rust-lang/crates.io-index)" = "e2355d85b9a3786f481747ced0e0ff2ba35213a1f9bd406ed906554d7af805a1"
"checksum pin-project-lite 0.2.16 (registry+https://github.com/rust-lang/crates.io-index)" = "3b3cff922bd51709b605d9ead9aa71031d81447142d828eb4a6eba76fe619f9b"
"checksum pin-utils 0.1.0 (registry+https://github.com/rust-lang/crates.io-index)" = "8b870d8c151b6f2fb93e84a13146138f05d02ed11c7e7c54f8826aaaf7c9f184"
"checksum portable-atomic 1.11.0 (registry+https://github.com/rust-lang/crates.io-index)" = "350e9b48cbc6b0e028b0473b114454c6316e57336ee184ceab6e53f72c178b3e"
"checksum proc-macro2 1.0.94 (registry+https://github.com/rust-lang/crates.io-index)" = "a31971752e70b8b2686d7e46ec17fb38dad4051d94024c88df49b667caea9c84"
"checksum quote 1.0.40 (registry+https://github.com/rust-lang/crates.io-index)" = "1885c039570dc00dcb4ff087a89e185fd56bae234ddc7f056a945bf36467248d"
"checksum rayon 1.10.0 (registry+https://github.com/rust-lang/crates.io-index)" = "b418a60154510ca1a002a752ca9714984e21e4241e804d32555251faf8b78ffa"
"checksum rayon-core 1.12.1 (registry+https://github.com/rust-lang/crates.io-index)" = "1465873a3dfdaa8ae7cb14b4383657caab0b3e8a0aa9ae8e04b044854c8dfce2"
"checksum regex 1.11.1 (registry+https://github.com/rust-lang/crates.io-index)" = "b544ef1b4eac5dc2db33ea63606ae9ffcfac26c1416a2806ae0bf5f56b201191"
"checksum regex-automata 0.4.9 (registry+https://github.com/rust-lang/crates.io-index)" = "809e8dc61f6de73b46c85f4c96486310fe304c434cfa43669d7b40f711150908"
"checksum regex-syntax 0.8.5 (registry+https://github.com/rust-lang/crates.io-index)" = "2b15c43186be67a4fd63bee50d0303afffcef381492ebe2c5d87f324e1b8815c"
"checksum ryu 1.0.20 (registry+https://github.com/rust-lang/crates.io-index)" = "28d3b2b1366ec20994f1fd18c3c594f05c5dd4bc44d8bb0c1c632c8d6829481f"
"checksum same-file 1.0.6 (registry+https://github.com/rust-lang/crates.io-index)" = "93fc1dc3aaa9bfed95e02e6eadabb4baf7e3078b0bd1b4d7b6b0b68378900502"
"checksum serde 1.0.219 (registry+https://github.com/rust-lang/crates.io-index)" = "5f0e2c6ed6606019b4e29e69dbaba95b11854410e5347d525002456dbbb786b6"
"checksum serde_derive 1.0.219 (registry+https://github.com/rust-lang/crates.io-index)" = "5b0276cf7f2c73365f7157c8123c21cd9a50fbbd844757af28ca1f5925fc2a00"
"checksum serde_json 1.0.140 (registry+https://github.com/rust-lang/crates.io-index)" = "20068b6e96dc6c9bd23e01df8827e6c7e1f2fddd43c21810382803c136b99373"
"checksum slab 0.4.9 (registry+https://github.com/rust-lang/crates.io-index)" = "8f92a496fb766b417c996b9c5e57daf2f7ad3b0bebe1ccfca4856390e3d3bb67"
"checksum syn 2.0.100 (registry+https://github.com/rust-lang/crates.io-index)" = "b09a44accad81e1ba1cd74a32461ba89dee89095ba17b32f5d03683b1b1fc2a0"
"checksum textwrap 0.16.2 (registry+https://github.com/rust-lang/crates.io-index)" = "c13547615a44dc9c452a8a534638acdf07120d4b6847c8178705da06306a3057"
"checksum tinytemplate 1.2.1 (registry+https://github.com/rust-lang/crates.io-index)" = "be4d6b5f19ff7664e8c98d03e2139cb510db9b0a60b55f8e8709b689d939b6bc"
"checksum unicode-ident 1.0.18 (registry+https://github.com/rust-lang/crates.io-index)" = "5a5f39404a5da50712a4c1eecf25e90dd62b613502b7e925fd4e4d19b5c96512"
"checksum walkdir 2.5.0 (registry+https://github.com/rust-lang/crates.io-index)" = "29790946404f91d9c5d06f9874efddea1dc06c5efe94541a7d6863108e3a5e4b"
"checksum winapi 0.3.9 (registry+https://github.com/rust-lang/crates.io-index)" = "5c839a674fcd7a98952e593242ea400abe93992746761e38641405d28b00f419"
"checksum winapi-i686-pc-windows-gnu 0.4.0 (registry+https://github.com/rust-lang/crates.io-index)" = "ac3b87c63620426dd9b991e5ce0329eff545bccbbb34f3be09ff6fb6ab51b7b6"
"checksum winapi-util 0.1.9 (registry+https://github.com/rust-lang/crates.io-index)" = "cf221c93e13a30d793f7645a0e7762c55d169dbb0a49671918a2319d289b10bb"
"checksum winapi-x86_64-pc-windows-gnu 0.4.0 (registry+https://github.com/rust-lang/crates.io-index)" = "712e227841d057c1ee1cd2fb22fa7e5a5461ae8e48fa2ca79ec42cfc1931183f"
"checksum windows-sys 0.59.0 (registry+https://github.com/rust-lang/crates.io-index)" = "1e38bc4d79ed67fd075bcc251a1c39b32a1776bbe92e5bef1f0bf1f8c531853b"
"checksum windows-targets 0.52.6 (registry+https://github.com/rust-lang/crates.io-index)" = "9b724f72796e036ab90c1021d4780d4d3d648aca59e491e6b98e725b84e99973"
"checksum windows_aarch64_gnullvm 0.52.6 (registry+https://github.com/rust-lang/crates.io-index)" = "32a4622180e7a0ec044bb555404c800bc9fd9ec262ec147edd5989ccd0c02cd3"
"checksum windows_aarch64_msvc 0.52.6 (registry+https://github.com/rust-lang/crates.io-index)" = "09ec2a7bb152e2252b53fa7803150007879548bc709c039df7627cabbd05d469"
"checksum windows_i686_gnu 0.52.6 (registry+https://github.com/rust-lang/crates.io-index)" = "8e9b5ad5ab802e97eb8e295ac6720e509ee4c243f69d781394014ebfe8bbfa0b"
"checksum windows_i686_gnullvm 0.52.6 (registry+https://github.com/rust-lang/crates.io-index)" = "0eee52d38c090b3caa76c563b86c3a4bd71ef1a819287c19d586d7334ae8ed66"
"checksum windows_i686_msvc 0.52.6 (registry+https://github.com/rust-lang/crates.io-index)" = "240948bc05c5e7c6dabba28bf89d89ffce3e303022809e73deaefe4f6ec56c66"
"checksum windows_x86_64_gnu 0.52.6 (registry+https://github.com/rust-lang/crates.io-index)" = "147a5c80aabfbf0c7d901cb5895d1de30ef2907eb21fbbab29ca94c5b08b1a78"
"checksum windows_x86_64_gnullvm 0.52.6 (registry+https://github.com/rust-lang/crates.io-index)" = "24d5b23dc417412679681396f2b49f3de8c1473deb516bd34410872eff51ed0d"
"checksum windows_x86_64_msvc 0.52.6 (registry+https://github.com/rust-lang/crates.io-index)" = "589f6da84c646204747d1270a2a5661ea66ed1cced2631d546fdfb155959f9ec"
