# This file is automatically @generated by Cargo.
# It is not intended for manual editing.
[[package]]
name = "futures-core"
version = "0.3.31"
dependencies = [
 "portable-atomic 1.11.0 (registry+https://github.com/rust-lang/crates.io-index)",
]

[[package]]
name = "portable-atomic"
version = "1.11.0"
source = "registry+https://github.com/rust-lang/crates.io-index"

[metadata]
"checksum portable-atomic 1.11.0 (registry+https://github.com/rust-lang/crates.io-index)" = "350e9b48cbc6b0e028b0473b114454c6316e57336ee184ceab6e53f72c178b3e"
