# This file is automatically @generated by Cargo.
# It is not intended for manual editing.
version = 4

[[package]]
name = "oorandom"
version = "11.1.5"
dependencies = [
 "rand_core",
 "rand_pcg",
 "random-fast-rng",
 "randomize",
]

[[package]]
name = "rand_core"
version = "0.5.1"
source = "registry+https://github.com/rust-lang/crates.io-index"
checksum = "90bde5296fc891b0cef12a6d03ddccc162ce7b2aff54160af9338f8d40df6d19"

[[package]]
name = "rand_pcg"
version = "0.2.1"
source = "registry+https://github.com/rust-lang/crates.io-index"
checksum = "16abd0c1b639e9eb4d7c50c0b8100b0d0f849be2349829c740fe8e6eb4816429"
dependencies = [
 "rand_core",
]

[[package]]
name = "random-fast-rng"
version = "0.1.1"
source = "registry+https://github.com/rust-lang/crates.io-index"
checksum = "95784e84a571f44dc7fd4f0d3ab3f493d3c07b90d695450890490a89d83905a3"
dependencies = [
 "random-trait",
]

[[package]]
name = "random-trait"
version = "0.1.1"
source = "registry+https://github.com/rust-lang/crates.io-index"
checksum = "0d3186af2e04abe646626095b37293d7485027e8591c56430dfda49894a28447"

[[package]]
name = "randomize"
version = "3.0.1"
source = "registry+https://github.com/rust-lang/crates.io-index"
checksum = "88c38c99b51f33c9fcc655252bf02ac8048eb70f35244e4697b0de9c473e940a"
