# This file is automatically @generated by Cargo.
# It is not intended for manual editing.
[[package]]
name = "pin-project-lite"
version = "0.2.16"
dependencies = [
 "rustversion 1.0.20 (registry+https://github.com/rust-lang/crates.io-index)",
 "static_assertions 1.1.0 (registry+https://github.com/rust-lang/crates.io-index)",
]

[[package]]
name = "rustversion"
version = "1.0.20"
source = "registry+https://github.com/rust-lang/crates.io-index"

[[package]]
name = "static_assertions"
version = "1.1.0"
source = "registry+https://github.com/rust-lang/crates.io-index"

[metadata]
"checksum rustversion 1.0.20 (registry+https://github.com/rust-lang/crates.io-index)" = "eded382c5f5f786b989652c49544c4877d9f015cc22e145a5ea8ea66c2921cd2"
"checksum static_assertions 1.1.0 (registry+https://github.com/rust-lang/crates.io-index)" = "a2eb9349b6444b326872e140eb1cf5e7c522154d69e7a0ffb0fb81c06b37543f"
