# This file is automatically @generated by Cargo.
# It is not intended for manual editing.
[[package]]
name = "once_cell"
version = "1.21.1"
source = "registry+https://github.com/rust-lang/crates.io-index"

[[package]]
name = "tap"
version = "1.0.1"
source = "registry+https://github.com/rust-lang/crates.io-index"

[[package]]
name = "wyz"
version = "0.6.1"
dependencies = [
 "once_cell 1.21.1 (registry+https://github.com/rust-lang/crates.io-index)",
 "tap 1.0.1 (registry+https://github.com/rust-lang/crates.io-index)",
]

[metadata]
"checksum once_cell 1.21.1 (registry+https://github.com/rust-lang/crates.io-index)" = "d75b0bedcc4fe52caa0e03d9f1151a323e4aa5e2d78ba3580400cd3c9e2bc4bc"
"checksum tap 1.0.1 (registry+https://github.com/rust-lang/crates.io-index)" = "55937e1799185b12863d447f42597ed69d9928686b8d88a1df17376a097d8369"
